
Microsoft Visual Studio Solution File, Format Version 12.00
# Visual Studio Version 17
VisualStudioVersion = 17.5.33627.172
MinimumVisualStudioVersion = 10.0.40219.1
Project("{9A19103F-16F7-4668-BE54-9A1E7A4F7556}") = "VLSMistique", "VLSMistique\VLSMistique.csproj", "{526BF050-D32C-49EB-AC6F-3CB64BF3C18C}"
EndProject
Global
	GlobalSection(SolutionConfigurationPlatforms) = preSolution
		Debug|Any CPU = Debug|Any CPU
		Release|Any CPU = Release|Any CPU
	EndGlobalSection
	GlobalSection(ProjectConfigurationPlatforms) = postSolution
		{526BF050-D32C-49EB-AC6F-3CB64BF3C18C}.Debug|Any CPU.ActiveCfg = Debug|Any CPU
		{526BF050-D32C-49EB-AC6F-3CB64BF3C18C}.Debug|Any CPU.Build.0 = Debug|Any CPU
		{526BF050-D32C-49EB-AC6F-3CB64BF3C18C}.Release|Any CPU.ActiveCfg = Release|Any CPU
		{526BF050-D32C-49EB-AC6F-3CB64BF3C18C}.Release|Any CPU.Build.0 = Release|Any CPU
	EndGlobalSection
	GlobalSection(SolutionProperties) = preSolution
		HideSolutionNode = FALSE
	EndGlobalSection
	GlobalSection(ExtensibilityGlobals) = postSolution
		SolutionGuid = {A83DC6B4-F1DD-4870-A6FE-6FC588F2B9EB}
	EndGlobalSection
EndGlobal
